
Microsoft Visual Studio Solution File, Format Version 12.00
# Visual Studio Version 17
VisualStudioVersion = 17.14.36518.9
MinimumVisualStudioVersion = 10.0.40219.1
Project("{FAE04EC0-301F-11D3-BF4B-00C04F79EFBC}") = "PensiuneaLotus", "PensiuneaLotus.csproj", "{7453485A-2573-4114-BBF1-65C3FFBCCB37}"
EndProject
Project("{FAE04EC0-301F-11D3-BF4B-00C04F79EFBC}") = "PensiuneaLotus.Api", "PensiuneaLotus.Api\PensiuneaLotus.Api.csproj", "{2ABCB02E-0F4F-47F0-89C8-6CC9F7D141B4}"
EndProject
Project("{FAE04EC0-301F-11D3-BF4B-00C04F79EFBC}") = "PensiuneaLotus.Client", "PensiuneaLotus.Client\PensiuneaLotus.Client.csproj", "{A5D43A3E-C93D-47A5-954A-A89DC985C980}"
EndProject
Global
	GlobalSection(SolutionConfigurationPlatforms) = preSolution
		Debug|Any CPU = Debug|Any CPU
		Debug|x64 = Debug|x64
		Release|Any CPU = Release|Any CPU
		Release|x64 = Release|x64
	EndGlobalSection
	GlobalSection(ProjectConfigurationPlatforms) = postSolution
		{7453485A-2573-4114-BBF1-65C3FFBCCB37}.Debug|Any CPU.ActiveCfg = Debug|Any CPU
		{7453485A-2573-4114-BBF1-65C3FFBCCB37}.Debug|Any CPU.Build.0 = Debug|Any CPU
		{7453485A-2573-4114-BBF1-65C3FFBCCB37}.Debug|x64.ActiveCfg = Debug|Any CPU
		{7453485A-2573-4114-BBF1-65C3FFBCCB37}.Debug|x64.Build.0 = Debug|Any CPU
		{7453485A-2573-4114-BBF1-65C3FFBCCB37}.Release|Any CPU.ActiveCfg = Release|Any CPU
		{7453485A-2573-4114-BBF1-65C3FFBCCB37}.Release|Any CPU.Build.0 = Release|Any CPU
		{7453485A-2573-4114-BBF1-65C3FFBCCB37}.Release|x64.ActiveCfg = Release|Any CPU
		{7453485A-2573-4114-BBF1-65C3FFBCCB37}.Release|x64.Build.0 = Release|Any CPU
		{2ABCB02E-0F4F-47F0-89C8-6CC9F7D141B4}.Debug|Any CPU.ActiveCfg = Debug|Any CPU
		{2ABCB02E-0F4F-47F0-89C8-6CC9F7D141B4}.Debug|Any CPU.Build.0 = Debug|Any CPU
		{2ABCB02E-0F4F-47F0-89C8-6CC9F7D141B4}.Debug|x64.ActiveCfg = Debug|Any CPU
		{2ABCB02E-0F4F-47F0-89C8-6CC9F7D141B4}.Debug|x64.Build.0 = Debug|Any CPU
		{2ABCB02E-0F4F-47F0-89C8-6CC9F7D141B4}.Release|Any CPU.ActiveCfg = Release|Any CPU
		{2ABCB02E-0F4F-47F0-89C8-6CC9F7D141B4}.Release|Any CPU.Build.0 = Release|Any CPU
		{2ABCB02E-0F4F-47F0-89C8-6CC9F7D141B4}.Release|x64.ActiveCfg = Release|Any CPU
		{2ABCB02E-0F4F-47F0-89C8-6CC9F7D141B4}.Release|x64.Build.0 = Release|Any CPU
		{A5D43A3E-C93D-47A5-954A-A89DC985C980}.Debug|Any CPU.ActiveCfg = Debug|Any CPU
		{A5D43A3E-C93D-47A5-954A-A89DC985C980}.Debug|Any CPU.Build.0 = Debug|Any CPU
		{A5D43A3E-C93D-47A5-954A-A89DC985C980}.Debug|Any CPU.Deploy.0 = Debug|Any CPU
		{A5D43A3E-C93D-47A5-954A-A89DC985C980}.Debug|x64.ActiveCfg = Debug|Any CPU
		{A5D43A3E-C93D-47A5-954A-A89DC985C980}.Debug|x64.Build.0 = Debug|Any CPU
		{A5D43A3E-C93D-47A5-954A-A89DC985C980}.Debug|x64.Deploy.0 = Debug|Any CPU
		{A5D43A3E-C93D-47A5-954A-A89DC985C980}.Release|Any CPU.ActiveCfg = Release|Any CPU
		{A5D43A3E-C93D-47A5-954A-A89DC985C980}.Release|Any CPU.Build.0 = Release|Any CPU
		{A5D43A3E-C93D-47A5-954A-A89DC985C980}.Release|Any CPU.Deploy.0 = Release|Any CPU
		{A5D43A3E-C93D-47A5-954A-A89DC985C980}.Release|x64.ActiveCfg = Release|Any CPU
		{A5D43A3E-C93D-47A5-954A-A89DC985C980}.Release|x64.Build.0 = Release|Any CPU
		{A5D43A3E-C93D-47A5-954A-A89DC985C980}.Release|x64.Deploy.0 = Release|Any CPU
	EndGlobalSection
	GlobalSection(SolutionProperties) = preSolution
		HideSolutionNode = FALSE
	EndGlobalSection
	GlobalSection(ExtensibilityGlobals) = postSolution
		SolutionGuid = {0332E719-BA64-4CDA-B21F-F8D5DC08EF54}
	EndGlobalSection
EndGlobal
